# THIS IS AN AUTOGENERATED FILE. DO NOT EDIT THIS FILE DIRECTLY.
# yarn lockfile v1


otpauth@^6.2.3:
  version "6.2.3"
  resolved "https://registry.yarnpkg.com/otpauth/-/otpauth-6.2.3.tgz#92e6c8c8abc2f62ea06b4bffe8f61f2b3d0e0e62"
  integrity sha512-Zi/EMD9uWBm3nzbWj3ZO7fhLjwo/9DanBAyqNn+M2tSCz61PV08dpqaW8osWabDLIudi6/n0wJLnv9QkeIOHlA==
